// !$*UTF8*$!
{
	archiveVersion = 1;
	classes = {
	};
	objectVersion = 46;
	objects = {

/* Begin PBXBuildFile section */
		2C66001D1B7B8B7200E39679 /* TableViewCell.swift in Sources */ = {isa = PBXBuildFile; fileRef = 2C66001C1B7B8B7200E39679 /* TableViewCell.swift */; };
		2C66001F1B7B999500E39679 /* TableViewImageCell.swift in Sources */ = {isa = PBXBuildFile; fileRef = 2C66001E1B7B999500E39679 /* TableViewImageCell.swift */; };
		2C6600251B7CCBFF00E39679 /* DataModel.swift in Sources */ = {isa = PBXBuildFile; fileRef = 2C6600241B7CCBFF00E39679 /* DataModel.swift */; };
		2C76131F1B7A8886002EF882 /* AppDelegate.swift in Sources */ = {isa = PBXBuildFile; fileRef = 2C76131E1B7A8886002EF882 /* AppDelegate.swift */; };
		2C7613211B7A8886002EF882 /* ViewController.swift in Sources */ = {isa = PBXBuildFile; fileRef = 2C7613201B7A8886002EF882 /* ViewController.swift */; };
		2C7613241B7A8886002EF882 /* Main.storyboard in Resources */ = {isa = PBXBuildFile; fileRef = 2C7613221B7A8886002EF882 /* Main.storyboard */; };
		2C7613261B7A8886002EF882 /* Images.xcassets in Resources */ = {isa = PBXBuildFile; fileRef = 2C7613251B7A8886002EF882 /* Images.xcassets */; };
		2C7613291B7A8886002EF882 /* LaunchScreen.xib in Resources */ = {isa = PBXBuildFile; fileRef = 2C7613271B7A8886002EF882 /* LaunchScreen.xib */; };
		2C7613351B7A8886002EF882 /* TweetsForHasgTagTests.swift in Sources */ = {isa = PBXBuildFile; fileRef = 2C7613341B7A8886002EF882 /* TweetsForHasgTagTests.swift */; };
		2C76133F1B7A88FB002EF882 /* Token.swift in Sources */ = {isa = PBXBuildFile; fileRef = 2C76133E1B7A88FB002EF882 /* Token.swift */; };
		2C7613411B7ABCC9002EF882 /* MainViewController.swift in Sources */ = {isa = PBXBuildFile; fileRef = 2C7613401B7ABCC9002EF882 /* MainViewController.swift */; };
		2CBFC2FE1B80DECD00CDCA58 /* TableViewLabelCell.swift in Sources */ = {isa = PBXBuildFile; fileRef = 2CBFC2FD1B80DECD00CDCA58 /* TableViewLabelCell.swift */; };
/* End PBXBuildFile section */

/* Begin PBXContainerItemProxy section */
		2C76132F1B7A8886002EF882 /* PBXContainerItemProxy */ = {
			isa = PBXContainerItemProxy;
			containerPortal = 2C7613111B7A8886002EF882 /* Project object */;
			proxyType = 1;
			remoteGlobalIDString = 2C7613181B7A8886002EF882;
			remoteInfo = TweetsForHasgTag;
		};
/* End PBXContainerItemProxy section */

/* Begin PBXFileReference section */
		2C66001C1B7B8B7200E39679 /* TableViewCell.swift */ = {isa = PBXFileReference; fileEncoding = 4; lastKnownFileType = sourcecode.swift; path = TableViewCell.swift; sourceTree = "<group>"; };
		2C66001E1B7B999500E39679 /* TableViewImageCell.swift */ = {isa = PBXFileReference; fileEncoding = 4; lastKnownFileType = sourcecode.swift; path = TableViewImageCell.swift; sourceTree = "<group>"; };
		2C6600241B7CCBFF00E39679 /* DataModel.swift */ = {isa = PBXFileReference; fileEncoding = 4; lastKnownFileType = sourcecode.swift; lineEnding = 0; path = DataModel.swift; sourceTree = "<group>"; xcLanguageSpecificationIdentifier = xcode.lang.swift; };
		2C7613191B7A8886002EF882 /* TweetsForHasgTag.app */ = {isa = PBXFileReference; explicitFileType = wrapper.application; includeInIndex = 0; path = TweetsForHasgTag.app; sourceTree = BUILT_PRODUCTS_DIR; };
		2C76131D1B7A8886002EF882 /* Info.plist */ = {isa = PBXFileReference; lastKnownFileType = text.plist.xml; path = Info.plist; sourceTree = "<group>"; };
		2C76131E1B7A8886002EF882 /* AppDelegate.swift */ = {isa = PBXFileReference; lastKnownFileType = sourcecode.swift; path = AppDelegate.swift; sourceTree = "<group>"; };
		2C7613201B7A8886002EF882 /* ViewController.swift */ = {isa = PBXFileReference; lastKnownFileType = sourcecode.swift; path = ViewController.swift; sourceTree = "<group>"; };
		2C7613231B7A8886002EF882 /* Base */ = {isa = PBXFileReference; lastKnownFileType = file.storyboard; name = Base; path = Base.lproj/Main.storyboard; sourceTree = "<group>"; };
		2C7613251B7A8886002EF882 /* Images.xcassets */ = {isa = PBXFileReference; lastKnownFileType = folder.assetcatalog; path = Images.xcassets; sourceTree = "<group>"; };
		2C7613281B7A8886002EF882 /* Base */ = {isa = PBXFileReference; lastKnownFileType = file.xib; name = Base; path = Base.lproj/LaunchScreen.xib; sourceTree = "<group>"; };
		2C76132E1B7A8886002EF882 /* TweetsForHasgTagTests.xctest */ = {isa = PBXFileReference; explicitFileType = wrapper.cfbundle; includeInIndex = 0; path = TweetsForHasgTagTests.xctest; sourceTree = BUILT_PRODUCTS_DIR; };
		2C7613331B7A8886002EF882 /* Info.plist */ = {isa = PBXFileReference; lastKnownFileType = text.plist.xml; path = Info.plist; sourceTree = "<group>"; };
		2C7613341B7A8886002EF882 /* TweetsForHasgTagTests.swift */ = {isa = PBXFileReference; lastKnownFileType = sourcecode.swift; path = TweetsForHasgTagTests.swift; sourceTree = "<group>"; };
		2C76133E1B7A88FB002EF882 /* Token.swift */ = {isa = PBXFileReference; fileEncoding = 4; lastKnownFileType = sourcecode.swift; path = Token.swift; sourceTree = "<group>"; };
		2C7613401B7ABCC9002EF882 /* MainViewController.swift */ = {isa = PBXFileReference; fileEncoding = 4; lastKnownFileType = sourcecode.swift; lineEnding = 0; path = MainViewController.swift; sourceTree = "<group>"; xcLanguageSpecificationIdentifier = xcode.lang.swift; };
		2CBFC2FD1B80DECD00CDCA58 /* TableViewLabelCell.swift */ = {isa = PBXFileReference; fileEncoding = 4; lastKnownFileType = sourcecode.swift; path = TableViewLabelCell.swift; sourceTree = "<group>"; };
/* End PBXFileReference section */

/* Begin PBXFrameworksBuildPhase section */
		2C7613161B7A8886002EF882 /* Frameworks */ = {
			isa = PBXFrameworksBuildPhase;
			buildActionMask = 2147483647;
			files = (
			);
			runOnlyForDeploymentPostprocessing = 0;
		};
		2C76132B1B7A8886002EF882 /* Frameworks */ = {
			isa = PBXFrameworksBuildPhase;
			buildActionMask = 2147483647;
			files = (
			);
			runOnlyForDeploymentPostprocessing = 0;
		};
/* End PBXFrameworksBuildPhase section */

/* Begin PBXGroup section */
		2C7613101B7A8886002EF882 = {
			isa = PBXGroup;
			children = (
				2C76131B1B7A8886002EF882 /* TweetsForHasgTag */,
				2C7613311B7A8886002EF882 /* TweetsForHasgTagTests */,
				2C76131A1B7A8886002EF882 /* Products */,
			);
			sourceTree = "<group>";
		};
		2C76131A1B7A8886002EF882 /* Products */ = {
			isa = PBXGroup;
			children = (
				2C7613191B7A8886002EF882 /* TweetsForHasgTag.app */,
				2C76132E1B7A8886002EF882 /* TweetsForHasgTagTests.xctest */,
			);
			name = Products;
			sourceTree = "<group>";
		};
		2C76131B1B7A8886002EF882 /* TweetsForHasgTag */ = {
			isa = PBXGroup;
			children = (
				2C76131E1B7A8886002EF882 /* AppDelegate.swift */,
				2C7613201B7A8886002EF882 /* ViewController.swift */,
				2C76133E1B7A88FB002EF882 /* Token.swift */,
				2C7613401B7ABCC9002EF882 /* MainViewController.swift */,
				2C6600241B7CCBFF00E39679 /* DataModel.swift */,
				2C66001C1B7B8B7200E39679 /* TableViewCell.swift */,
				2CBFC2FD1B80DECD00CDCA58 /* TableViewLabelCell.swift */,
				2C66001E1B7B999500E39679 /* TableViewImageCell.swift */,
				2C7613221B7A8886002EF882 /* Main.storyboard */,
				2C7613251B7A8886002EF882 /* Images.xcassets */,
				2C7613271B7A8886002EF882 /* LaunchScreen.xib */,
				2C76131C1B7A8886002EF882 /* Supporting Files */,
			);
			path = TweetsForHasgTag;
			sourceTree = "<group>";
		};
		2C76131C1B7A8886002EF882 /* Supporting Files */ = {
			isa = PBXGroup;
			children = (
				2C76131D1B7A8886002EF882 /* Info.plist */,
			);
			name = "Supporting Files";
			sourceTree = "<group>";
		};
		2C7613311B7A8886002EF882 /* TweetsForHasgTagTests */ = {
			isa = PBXGroup;
			children = (
				2C7613341B7A8886002EF882 /* TweetsForHasgTagTests.swift */,
				2C7613321B7A8886002EF882 /* Supporting Files */,
			);
			path = TweetsForHasgTagTests;
			sourceTree = "<group>";
		};
		2C7613321B7A8886002EF882 /* Supporting Files */ = {
			isa = PBXGroup;
			children = (
				2C7613331B7A8886002EF882 /* Info.plist */,
			);
			name = "Supporting Files";
			sourceTree = "<group>";
		};
/* End PBXGroup section */

/* Begin PBXNativeTarget section */
		2C7613181B7A8886002EF882 /* TweetsForHasgTag */ = {
			isa = PBXNativeTarget;
			buildConfigurationList = 2C7613381B7A8886002EF882 /* Build configuration list for PBXNativeTarget "TweetsForHasgTag" */;
			buildPhases = (
				2C7613151B7A8886002EF882 /* Sources */,
				2C7613161B7A8886002EF882 /* Frameworks */,
				2C7613171B7A8886002EF882 /* Resources */,
			);
			buildRules = (
			);
			dependencies = (
			);
			name = TweetsForHasgTag;
			productName = TweetsForHasgTag;
			productReference = 2C7613191B7A8886002EF882 /* TweetsForHasgTag.app */;
			productType = "com.apple.product-type.application";
		};
		2C76132D1B7A8886002EF882 /* TweetsForHasgTagTests */ = {
			isa = PBXNativeTarget;
			buildConfigurationList = 2C76133B1B7A8886002EF882 /* Build configuration list for PBXNativeTarget "TweetsForHasgTagTests" */;
			buildPhases = (
				2C76132A1B7A8886002EF882 /* Sources */,
				2C76132B1B7A8886002EF882 /* Frameworks */,
				2C76132C1B7A8886002EF882 /* Resources */,
			);
			buildRules = (
			);
			dependencies = (
				2C7613301B7A8886002EF882 /* PBXTargetDependency */,
			);
			name = TweetsForHasgTagTests;
			productName = TweetsForHasgTagTests;
			productReference = 2C76132E1B7A8886002EF882 /* TweetsForHasgTagTests.xctest */;
			productType = "com.apple.product-type.bundle.unit-test";
		};
/* End PBXNativeTarget section */

/* Begin PBXProject section */
		2C7613111B7A8886002EF882 /* Project object */ = {
			isa = PBXProject;
			attributes = {
				LastSwiftUpdateCheck = 0700;
				LastUpgradeCheck = 0640;
				ORGANIZATIONNAME = "Yura Vorontsov";
				TargetAttributes = {
					2C7613181B7A8886002EF882 = {
						CreatedOnToolsVersion = 6.4;
					};
					2C76132D1B7A8886002EF882 = {
						CreatedOnToolsVersion = 6.4;
						TestTargetID = 2C7613181B7A8886002EF882;
					};
				};
			};
			buildConfigurationList = 2C7613141B7A8886002EF882 /* Build configuration list for PBXProject "TweetsForHasgTag" */;
			compatibilityVersion = "Xcode 3.2";
			developmentRegion = English;
			hasScannedForEncodings = 0;
			knownRegions = (
				en,
				Base,
			);
			mainGroup = 2C7613101B7A8886002EF882;
			productRefGroup = 2C76131A1B7A8886002EF882 /* Products */;
			projectDirPath = "";
			projectRoot = "";
			targets = (
				2C7613181B7A8886002EF882 /* TweetsForHasgTag */,
				2C76132D1B7A8886002EF882 /* TweetsForHasgTagTests */,
			);
		};
/* End PBXProject section */

/* Begin PBXResourcesBuildPhase section */
		2C7613171B7A8886002EF882 /* Resources */ = {
			isa = PBXResourcesBuildPhase;
			buildActionMask = 2147483647;
			files = (
				2C7613241B7A8886002EF882 /* Main.storyboard in Resources */,
				2C7613291B7A8886002EF882 /* LaunchScreen.xib in Resources */,
				2C7613261B7A8886002EF882 /* Images.xcassets in Resources */,
			);
			runOnlyForDeploymentPostprocessing = 0;
		};
		2C76132C1B7A8886002EF882 /* Resources */ = {
			isa = PBXResourcesBuildPhase;
			buildActionMask = 2147483647;
			files = (
			);
			runOnlyForDeploymentPostprocessing = 0;
		};
/* End PBXResourcesBuildPhase section */

/* Begin PBXSourcesBuildPhase section */
		2C7613151B7A8886002EF882 /* Sources */ = {
			isa = PBXSourcesBuildPhase;
			buildActionMask = 2147483647;
			files = (
				2C66001D1B7B8B7200E39679 /* TableViewCell.swift in Sources */,
				2C76133F1B7A88FB002EF882 /* Token.swift in Sources */,
				2C7613211B7A8886002EF882 /* ViewController.swift in Sources */,
				2C66001F1B7B999500E39679 /* TableViewImageCell.swift in Sources */,
				2C6600251B7CCBFF00E39679 /* DataModel.swift in Sources */,
				2C76131F1B7A8886002EF882 /* AppDelegate.swift in Sources */,
				2CBFC2FE1B80DECD00CDCA58 /* TableViewLabelCell.swift in Sources */,
				2C7613411B7ABCC9002EF882 /* MainViewController.swift in Sources */,
			);
			runOnlyForDeploymentPostprocessing = 0;
		};
		2C76132A1B7A8886002EF882 /* Sources */ = {
			isa = PBXSourcesBuildPhase;
			buildActionMask = 2147483647;
			files = (
				2C7613351B7A8886002EF882 /* TweetsForHasgTagTests.swift in Sources */,
			);
			runOnlyForDeploymentPostprocessing = 0;
		};
/* End PBXSourcesBuildPhase section */

/* Begin PBXTargetDependency section */
		2C7613301B7A8886002EF882 /* PBXTargetDependency */ = {
			isa = PBXTargetDependency;
			target = 2C7613181B7A8886002EF882 /* TweetsForHasgTag */;
			targetProxy = 2C76132F1B7A8886002EF882 /* PBXContainerItemProxy */;
		};
/* End PBXTargetDependency section */

/* Begin PBXVariantGroup section */
		2C7613221B7A8886002EF882 /* Main.storyboard */ = {
			isa = PBXVariantGroup;
			children = (
				2C7613231B7A8886002EF882 /* Base */,
			);
			name = Main.storyboard;
			sourceTree = "<group>";
		};
		2C7613271B7A8886002EF882 /* LaunchScreen.xib */ = {
			isa = PBXVariantGroup;
			children = (
				2C7613281B7A8886002EF882 /* Base */,
			);
			name = LaunchScreen.xib;
			sourceTree = "<group>";
		};
/* End PBXVariantGroup section */

/* Begin XCBuildConfiguration section */
		2C7613361B7A8886002EF882 /* Debug */ = {
			isa = XCBuildConfiguration;
			buildSettings = {
				ALWAYS_SEARCH_USER_PATHS = NO;
				CLANG_CXX_LANGUAGE_STANDARD = "gnu++0x";
				CLANG_CXX_LIBRARY = "libc++";
				CLANG_ENABLE_MODULES = YES;
				CLANG_ENABLE_OBJC_ARC = YES;
				CLANG_WARN_BOOL_CONVERSION = YES;
				CLANG_WARN_CONSTANT_CONVERSION = YES;
				CLANG_WARN_DIRECT_OBJC_ISA_USAGE = YES_ERROR;
				CLANG_WARN_EMPTY_BODY = YES;
				CLANG_WARN_ENUM_CONVERSION = YES;
				CLANG_WARN_INT_CONVERSION = YES;
				CLANG_WARN_OBJC_ROOT_CLASS = YES_ERROR;
				CLANG_WARN_UNREACHABLE_CODE = YES;
				CLANG_WARN__DUPLICATE_METHOD_MATCH = YES;
				"CODE_SIGN_IDENTITY[sdk=iphoneos*]" = "iPhone Developer";
				COPY_PHASE_STRIP = NO;
				DEBUG_INFORMATION_FORMAT = "dwarf-with-dsym";
				ENABLE_STRICT_OBJC_MSGSEND = YES;
				GCC_C_LANGUAGE_STANDARD = gnu99;
				GCC_DYNAMIC_NO_PIC = NO;
				GCC_NO_COMMON_BLOCKS = YES;
				GCC_OPTIMIZATION_LEVEL = 0;
				GCC_PREPROCESSOR_DEFINITIONS = (
					"DEBUG=1",
					"$(inherited)",
				);
				GCC_SYMBOLS_PRIVATE_EXTERN = NO;
				GCC_WARN_64_TO_32_BIT_CONVERSION = YES;
				GCC_WARN_ABOUT_RETURN_TYPE = YES_ERROR;
				GCC_WARN_UNDECLARED_SELECTOR = YES;
				GCC_WARN_UNINITIALIZED_AUTOS = YES_AGGRESSIVE;
				GCC_WARN_UNUSED_FUNCTION = YES;
				GCC_WARN_UNUSED_VARIABLE = YES;
				IPHONEOS_DEPLOYMENT_TARGET = 8.4;
				MTL_ENABLE_DEBUG_INFO = YES;
				ONLY_ACTIVE_ARCH = YES;
				SDKROOT = iphoneos;
				SWIFT_OPTIMIZATION_LEVEL = "-Onone";
			};
			name = Debug;
		};
		2C7613371B7A8886002EF882 /* Release */ = {
			isa = XCBuildConfiguration;
			buildSettings = {
				ALWAYS_SEARCH_USER_PATHS = NO;
				CLANG_CXX_LANGUAGE_STANDARD = "gnu++0x";
				CLANG_CXX_LIBRARY = "libc++";
				CLANG_ENABLE_MODULES = YES;
				CLANG_ENABLE_OBJC_ARC = YES;
				CLANG_WARN_BOOL_CONVERSION = YES;
				CLANG_WARN_CONSTANT_CONVERSION = YES;
				CLANG_WARN_DIRECT_OBJC_ISA_USAGE = YES_ERROR;
				CLANG_WARN_EMPTY_BODY = YES;
				CLANG_WARN_ENUM_CONVERSION = YES;
				CLANG_WARN_INT_CONVERSION = YES;
				CLANG_WARN_OBJC_ROOT_CLASS = YES_ERROR;
				CLANG_WARN_UNREACHABLE_CODE = YES;
				CLANG_WARN__DUPLICATE_METHOD_MATCH = YES;
				"CODE_SIGN_IDENTITY[sdk=iphoneos*]" = "iPhone Developer";
				COPY_PHASE_STRIP = NO;
				DEBUG_INFORMATION_FORMAT = "dwarf-with-dsym";
				ENABLE_NS_ASSERTIONS = NO;
				ENABLE_STRICT_OBJC_MSGSEND = YES;
				GCC_C_LANGUAGE_STANDARD = gnu99;
				GCC_NO_COMMON_BLOCKS = YES;
				GCC_WARN_64_TO_32_BIT_CONVERSION = YES;
				GCC_WARN_ABOUT_RETURN_TYPE = YES_ERROR;
				GCC_WARN_UNDECLARED_SELECTOR = YES;
				GCC_WARN_UNINITIALIZED_AUTOS = YES_AGGRESSIVE;
				GCC_WARN_UNUSED_FUNCTION = YES;
				GCC_WARN_UNUSED_VARIABLE = YES;
				IPHONEOS_DEPLOYMENT_TARGET = 8.4;
				MTL_ENABLE_DEBUG_INFO = NO;
				SDKROOT = iphoneos;
				VALIDATE_PRODUCT = YES;
			};
			name = Release;
		};
		2C7613391B7A8886002EF882 /* Debug */ = {
			isa = XCBuildConfiguration;
			buildSettings = {
				ASSETCATALOG_COMPILER_APPICON_NAME = AppIcon;
				INFOPLIST_FILE = TweetsForHasgTag/Info.plist;
				IPHONEOS_DEPLOYMENT_TARGET = 8.4;
				LD_RUNPATH_SEARCH_PATHS = "$(inherited) @executable_path/Frameworks";
				PRODUCT_NAME = "$(TARGET_NAME)";
				TARGETED_DEVICE_FAMILY = "1,2";
			};
			name = Debug;
		};
		2C76133A1B7A8886002EF882 /* Release */ = {
			isa = XCBuildConfiguration;
			buildSettings = {
				ASSETCATALOG_COMPILER_APPICON_NAME = AppIcon;
				INFOPLIST_FILE = TweetsForHasgTag/Info.plist;
				IPHONEOS_DEPLOYMENT_TARGET = 8.4;
				LD_RUNPATH_SEARCH_PATHS = "$(inherited) @executable_path/Frameworks";
				PRODUCT_NAME = "$(TARGET_NAME)";
				TARGETED_DEVICE_FAMILY = "1,2";
			};
			name = Release;
		};
		2C76133C1B7A8886002EF882 /* Debug */ = {
			isa = XCBuildConfiguration;
			buildSettings = {
				BUNDLE_LOADER = "$(TEST_HOST)";
				FRAMEWORK_SEARCH_PATHS = (
					"$(SDKROOT)/Developer/Library/Frameworks",
					"$(inherited)",
				);
				GCC_PREPROCESSOR_DEFINITIONS = (
					"DEBUG=1",
					"$(inherited)",
				);
				INFOPLIST_FILE = TweetsForHasgTagTests/Info.plist;
				LD_RUNPATH_SEARCH_PATHS = "$(inherited) @executable_path/Frameworks @loader_path/Frameworks";
				PRODUCT_NAME = "$(TARGET_NAME)";
				TEST_HOST = "$(BUILT_PRODUCTS_DIR)/TweetsForHasgTag.app/TweetsForHasgTag";
			};
			name = Debug;
		};
		2C76133D1B7A8886002EF882 /* Release */ = {
			isa = XCBuildConfiguration;
			buildSettings = {
				BUNDLE_LOADER = "$(TEST_HOST)";
				FRAMEWORK_SEARCH_PATHS = (
					"$(SDKROOT)/Developer/Library/Frameworks",
					"$(inherited)",
				);
				INFOPLIST_FILE = TweetsForHasgTagTests/Info.plist;
				LD_RUNPATH_SEARCH_PATHS = "$(inherited) @executable_path/Frameworks @loader_path/Frameworks";
				PRODUCT_NAME = "$(TARGET_NAME)";
				TEST_HOST = "$(BUILT_PRODUCTS_DIR)/TweetsForHasgTag.app/TweetsForHasgTag";
			};
			name = Release;
		};
/* End XCBuildConfiguration section */

/* Begin XCConfigurationList section */
		2C7613141B7A8886002EF882 /* Build configuration list for PBXProject "TweetsForHasgTag" */ = {
			isa = XCConfigurationList;
			buildConfigurations = (
				2C7613361B7A8886002EF882 /* Debug */,
				2C7613371B7A8886002EF882 /* Release */,
			);
			defaultConfigurationIsVisible = 0;
			defaultConfigurationName = Release;
		};
		2C7613381B7A8886002EF882 /* Build configuration list for PBXNativeTarget "TweetsForHasgTag" */ = {
			isa = XCConfigurationList;
			buildConfigurations = (
				2C7613391B7A8886002EF882 /* Debug */,
				2C76133A1B7A8886002EF882 /* Release */,
			);
			defaultConfigurationIsVisible = 0;
			defaultConfigurationName = Release;
		};
		2C76133B1B7A8886002EF882 /* Build configuration list for PBXNativeTarget "TweetsForHasgTagTests" */ = {
			isa = XCConfigurationList;
			buildConfigurations = (
				2C76133C1B7A8886002EF882 /* Debug */,
				2C76133D1B7A8886002EF882 /* Release */,
			);
			defaultConfigurationIsVisible = 0;
			defaultConfigurationName = Release;
		};
/* End XCConfigurationList section */
	};
	rootObject = 2C7613111B7A8886002EF882 /* Project object */;
}
